Microsoft Visual Studio Solution File, Format Version 12.00
# Visual Studio Version 17
VisualStudioVersion = 17.5.2.0
MinimumVisualStudioVersion = 10.0.40219.1
Project("{FAE04EC0-301F-11D3-BF4B-00C04F79EFBC}") = "BudgetFlow.API", "BudgetFlow.API\BudgetFlow.API.csproj", "{4110A1D5-30E6-D6D9-5BC0-5D66FAE9C815}"
EndProject
Global
	GlobalSection(SolutionConfigurationPlatforms) = preSolution
		Debug|Any CPU = Debug|Any CPU
		Release|Any CPU = Release|Any CPU
	EndGlobalSection
	GlobalSection(ProjectConfigurationPlatforms) = postSolution
		{4110A1D5-30E6-D6D9-5BC0-5D66FAE9C815}.Debug|Any CPU.ActiveCfg = Debug|Any CPU
		{4110A1D5-30E6-D6D9-5BC0-5D66FAE9C815}.Debug|Any CPU.Build.0 = Debug|Any CPU
		{4110A1D5-30E6-D6D9-5BC0-5D66FAE9C815}.Release|Any CPU.ActiveCfg = Release|Any CPU
		{4110A1D5-30E6-D6D9-5BC0-5D66FAE9C815}.Release|Any CPU.Build.0 = Release|Any CPU
	EndGlobalSection
	GlobalSection(SolutionProperties) = preSolution
		HideSolutionNode = FALSE
	EndGlobalSection
	GlobalSection(ExtensibilityGlobals) = postSolution
		SolutionGuid = {618AAA33-8B2A-457C-86E0-B3949F864294}
	EndGlobalSection
EndGlobal
